
Microsoft Visual Studio Solution File, Format Version 12.00
# Visual Studio 15
VisualStudioVersion = 15.0.27703.2035
MinimumVisualStudioVersion = 10.0.40219.1
Project("{FAE04EC0-301F-11D3-BF4B-00C04F79EFBC}") = "F0.EditorConfig.DotNet.CSharp", "F0.EditorConfig.DotNet.CSharp\F0.EditorConfig.DotNet.CSharp.csproj", "{4CF471A5-6F47-47EE-AFFB-A26CF444B9EB}"
EndProject
Global
	GlobalSection(SolutionConfigurationPlatforms) = preSolution
		Debug|Any CPU = Debug|Any CPU
		Release|Any CPU = Release|Any CPU
	EndGlobalSection
	GlobalSection(ProjectConfigurationPlatforms) = postSolution
		{4CF471A5-6F47-47EE-AFFB-A26CF444B9EB}.Debug|Any CPU.ActiveCfg = Debug|Any CPU
		{4CF471A5-6F47-47EE-AFFB-A26CF444B9EB}.Debug|Any CPU.Build.0 = Debug|Any CPU
		{4CF471A5-6F47-47EE-AFFB-A26CF444B9EB}.Release|Any CPU.ActiveCfg = Release|Any CPU
		{4CF471A5-6F47-47EE-AFFB-A26CF444B9EB}.Release|Any CPU.Build.0 = Release|Any CPU
	EndGlobalSection
	GlobalSection(SolutionProperties) = preSolution
		HideSolutionNode = FALSE
	EndGlobalSection
	GlobalSection(ExtensibilityGlobals) = postSolution
		SolutionGuid = {4F1633A2-9C8E-45B4-A8D8-29E18EC8F4D3}
	EndGlobalSection
EndGlobal
